// !$*UTF8*$!
{
	archiveVersion = 1;
	classes = {
	};
	objectVersion = 52;
	objects = {

/* Begin PBXBuildFile section */
		3EF762492629480200C9CE2C /* AppDelegate.swift in Sources */ = {isa = PBXBuildFile; fileRef = 3EF762482629480200C9CE2C /* AppDelegate.swift */; };
		3EF7624B2629480200C9CE2C /* SceneDelegate.swift in Sources */ = {isa = PBXBuildFile; fileRef = 3EF7624A2629480200C9CE2C /* SceneDelegate.swift */; };
		3EF7624D2629480200C9CE2C /* ViewController.swift in Sources */ = {isa = PBXBuildFile; fileRef = 3EF7624C2629480200C9CE2C /* ViewController.swift */; };
		3EF762502629480200C9CE2C /* Main.storyboard in Resources */ = {isa = PBXBuildFile; fileRef = 3EF7624E2629480200C9CE2C /* Main.storyboard */; };
		3EF762522629480400C9CE2C /* Assets.xcassets in Resources */ = {isa = PBXBuildFile; fileRef = 3EF762512629480400C9CE2C /* Assets.xcassets */; };
		3EF762552629480400C9CE2C /* LaunchScreen.storyboard in Resources */ = {isa = PBXBuildFile; fileRef = 3EF762532629480400C9CE2C /* LaunchScreen.storyboard */; };
		3EF7626226297D0A00C9CE2C /* FirebaseAnalytics in Frameworks */ = {isa = PBXBuildFile; productRef = 3EF7626126297D0A00C9CE2C /* FirebaseAnalytics */; };
		3EF7626426297D0A00C9CE2C /* FirebaseMessaging in Frameworks */ = {isa = PBXBuildFile; productRef = 3EF7626326297D0A00C9CE2C /* FirebaseMessaging */; };
		3EF7626626297D0A00C9CE2C /* FirebaseRemoteConfig in Frameworks */ = {isa = PBXBuildFile; productRef = 3EF7626526297D0A00C9CE2C /* FirebaseRemoteConfig */; };
		3EF762DA2629907A00C9CE2C /* NotificationService.swift in Sources */ = {isa = PBXBuildFile; fileRef = 3EF762D92629907A00C9CE2C /* NotificationService.swift */; };
		3EF762DE2629907A00C9CE2C /* NotificationService.appex in Embed App Extensions */ = {isa = PBXBuildFile; fileRef = 3EF762D72629907A00C9CE2C /* NotificationService.appex */; settings = {ATTRIBUTES = (RemoveHeadersOnCopy, ); }; };
/* End PBXBuildFile section */

/* Begin PBXContainerItemProxy section */
		3EF762DC2629907A00C9CE2C /* PBXContainerItemProxy */ = {
			isa = PBXContainerItemProxy;
			containerPortal = 3EF7623D2629480200C9CE2C /* Project object */;
			proxyType = 1;
			remoteGlobalIDString = 3EF762D62629907A00C9CE2C;
			remoteInfo = NotificationService;
		};
/* End PBXContainerItemProxy section */

/* Begin PBXCopyFilesBuildPhase section */
		3EF762E22629907A00C9CE2C /* Embed App Extensions */ = {
			isa = PBXCopyFilesBuildPhase;
			buildActionMask = 2147483647;
			dstPath = "";
			dstSubfolderSpec = 13;
			files = (
				3EF762DE2629907A00C9CE2C /* NotificationService.appex in Embed App Extensions */,
			);
			name = "Embed App Extensions";
			runOnlyForDeploymentPostprocessing = 0;
		};
/* End PBXCopyFilesBuildPhase section */

/* Begin PBXFileReference section */
		3EF762452629480200C9CE2C /* fcm.app */ = {isa = PBXFileReference; explicitFileType = wrapper.application; includeInIndex = 0; path = fcm.app; sourceTree = BUILT_PRODUCTS_DIR; };
		3EF762482629480200C9CE2C /* AppDelegate.swift */ = {isa = PBXFileReference; lastKnownFileType = sourcecode.swift; path = AppDelegate.swift; sourceTree = "<group>"; };
		3EF7624A2629480200C9CE2C /* SceneDelegate.swift */ = {isa = PBXFileReference; lastKnownFileType = sourcecode.swift; path = SceneDelegate.swift; sourceTree = "<group>"; };
		3EF7624C2629480200C9CE2C /* ViewController.swift */ = {isa = PBXFileReference; lastKnownFileType = sourcecode.swift; path = ViewController.swift; sourceTree = "<group>"; };
		3EF7624F2629480200C9CE2C /* Base */ = {isa = PBXFileReference; lastKnownFileType = file.storyboard; name = Base; path = Base.lproj/Main.storyboard; sourceTree = "<group>"; };
		3EF762512629480400C9CE2C /* Assets.xcassets */ = {isa = PBXFileReference; lastKnownFileType = folder.assetcatalog; path = Assets.xcassets; sourceTree = "<group>"; };
		3EF762542629480400C9CE2C /* Base */ = {isa = PBXFileReference; lastKnownFileType = file.storyboard; name = Base; path = Base.lproj/LaunchScreen.storyboard; sourceTree = "<group>"; };
		3EF762562629480400C9CE2C /* Info.plist */ = {isa = PBXFileReference; lastKnownFileType = text.plist.xml; path = Info.plist; sourceTree = "<group>"; };
		3EF762D126298FB900C9CE2C /* GoogleService-Info.plist */ = {isa = PBXFileReference; lastKnownFileType = text.plist.xml; name = "GoogleService-Info.plist"; path = "../../../INSUNGSavingsBank/isBank/isbank/GoogleService-Info.plist"; sourceTree = "<group>"; };
		3EF762D72629907A00C9CE2C /* NotificationService.appex */ = {isa = PBXFileReference; explicitFileType = "wrapper.app-extension"; includeInIndex = 0; path = NotificationService.appex; sourceTree = BUILT_PRODUCTS_DIR; };
		3EF762D92629907A00C9CE2C /* NotificationService.swift */ = {isa = PBXFileReference; lastKnownFileType = sourcecode.swift; path = NotificationService.swift; sourceTree = "<group>"; };
		3EF762DB2629907A00C9CE2C /* Info.plist */ = {isa = PBXFileReference; lastKnownFileType = text.plist.xml; path = Info.plist; sourceTree = "<group>"; };
/* End PBXFileReference section */

/* Begin PBXFrameworksBuildPhase section */
		3EF762422629480200C9CE2C /* Frameworks */ = {
			isa = PBXFrameworksBuildPhase;
			buildActionMask = 2147483647;
			files = (
				3EF7626626297D0A00C9CE2C /* FirebaseRemoteConfig in Frameworks */,
				3EF7626426297D0A00C9CE2C /* FirebaseMessaging in Frameworks */,
				3EF7626226297D0A00C9CE2C /* FirebaseAnalytics in Frameworks */,
			);
			runOnlyForDeploymentPostprocessing = 0;
		};
		3EF762D42629907A00C9CE2C /* Frameworks */ = {
			isa = PBXFrameworksBuildPhase;
			buildActionMask = 2147483647;
			files = (
			);
			runOnlyForDeploymentPostprocessing = 0;
		};
/* End PBXFrameworksBuildPhase section */

/* Begin PBXGroup section */
		3EF7623C2629480200C9CE2C = {
			isa = PBXGroup;
			children = (
				3EF762472629480200C9CE2C /* fcm */,
				3EF762D82629907A00C9CE2C /* NotificationService */,
				3EF762462629480200C9CE2C /* Products */,
			);
			sourceTree = "<group>";
		};
		3EF762462629480200C9CE2C /* Products */ = {
			isa = PBXGroup;
			children = (
				3EF762452629480200C9CE2C /* fcm.app */,
				3EF762D72629907A00C9CE2C /* NotificationService.appex */,
			);
			name = Products;
			sourceTree = "<group>";
		};
		3EF762472629480200C9CE2C /* fcm */ = {
			isa = PBXGroup;
			children = (
				3EF762482629480200C9CE2C /* AppDelegate.swift */,
				3EF7624A2629480200C9CE2C /* SceneDelegate.swift */,
				3EF7624C2629480200C9CE2C /* ViewController.swift */,
				3EF7624E2629480200C9CE2C /* Main.storyboard */,
				3EF762512629480400C9CE2C /* Assets.xcassets */,
				3EF762532629480400C9CE2C /* LaunchScreen.storyboard */,
				3EF762562629480400C9CE2C /* Info.plist */,
				3EF762D126298FB900C9CE2C /* GoogleService-Info.plist */,
			);
			path = fcm;
			sourceTree = "<group>";
		};
		3EF762D82629907A00C9CE2C /* NotificationService */ = {
			isa = PBXGroup;
			children = (
				3EF762D92629907A00C9CE2C /* NotificationService.swift */,
				3EF762DB2629907A00C9CE2C /* Info.plist */,
			);
			path = NotificationService;
			sourceTree = "<group>";
		};
/* End PBXGroup section */

/* Begin PBXNativeTarget section */
		3EF762442629480200C9CE2C /* fcm */ = {
			isa = PBXNativeTarget;
			buildConfigurationList = 3EF762592629480400C9CE2C /* Build configuration list for PBXNativeTarget "fcm" */;
			buildPhases = (
				3EF762412629480200C9CE2C /* Sources */,
				3EF762422629480200C9CE2C /* Frameworks */,
				3EF762432629480200C9CE2C /* Resources */,
				3EF762E22629907A00C9CE2C /* Embed App Extensions */,
			);
			buildRules = (
			);
			dependencies = (
				3EF762DD2629907A00C9CE2C /* PBXTargetDependency */,
			);
			name = fcm;
			packageProductDependencies = (
				3EF7626126297D0A00C9CE2C /* FirebaseAnalytics */,
				3EF7626326297D0A00C9CE2C /* FirebaseMessaging */,
				3EF7626526297D0A00C9CE2C /* FirebaseRemoteConfig */,
			);
			productName = fcm;
			productReference = 3EF762452629480200C9CE2C /* fcm.app */;
			productType = "com.apple.product-type.application";
		};
		3EF762D62629907A00C9CE2C /* NotificationService */ = {
			isa = PBXNativeTarget;
			buildConfigurationList = 3EF762DF2629907A00C9CE2C /* Build configuration list for PBXNativeTarget "NotificationService" */;
			buildPhases = (
				3EF762D32629907A00C9CE2C /* Sources */,
				3EF762D42629907A00C9CE2C /* Frameworks */,
				3EF762D52629907A00C9CE2C /* Resources */,
			);
			buildRules = (
			);
			dependencies = (
			);
			name = NotificationService;
			productName = NotificationService;
			productReference = 3EF762D72629907A00C9CE2C /* NotificationService.appex */;
			productType = "com.apple.product-type.app-extension";
		};
/* End PBXNativeTarget section */

/* Begin PBXProject section */
		3EF7623D2629480200C9CE2C /* Project object */ = {
			isa = PBXProject;
			attributes = {
				LastSwiftUpdateCheck = 1230;
				LastUpgradeCheck = 1230;
				TargetAttributes = {
					3EF762442629480200C9CE2C = {
						CreatedOnToolsVersion = 12.3;
					};
					3EF762D62629907A00C9CE2C = {
						CreatedOnToolsVersion = 12.3;
					};
				};
			};
			buildConfigurationList = 3EF762402629480200C9CE2C /* Build configuration list for PBXProject "fcm" */;
			compatibilityVersion = "Xcode 9.3";
			developmentRegion = en;
			hasScannedForEncodings = 0;
			knownRegions = (
				en,
				Base,
			);
			mainGroup = 3EF7623C2629480200C9CE2C;
			packageReferences = (
				3EF7626026297D0A00C9CE2C /* XCRemoteSwiftPackageReference "firebase-ios-sdk" */,
			);
			productRefGroup = 3EF762462629480200C9CE2C /* Products */;
			projectDirPath = "";
			projectRoot = "";
			targets = (
				3EF762442629480200C9CE2C /* fcm */,
				3EF762D62629907A00C9CE2C /* NotificationService */,
			);
		};
/* End PBXProject section */

/* Begin PBXResourcesBuildPhase section */
		3EF762432629480200C9CE2C /* Resources */ = {
			isa = PBXResourcesBuildPhase;
			buildActionMask = 2147483647;
			files = (
				3EF762552629480400C9CE2C /* LaunchScreen.storyboard in Resources */,
				3EF762522629480400C9CE2C /* Assets.xcassets in Resources */,
				3EF762502629480200C9CE2C /* Main.storyboard in Resources */,
			);
			runOnlyForDeploymentPostprocessing = 0;
		};
		3EF762D52629907A00C9CE2C /* Resources */ = {
			isa = PBXResourcesBuildPhase;
			buildActionMask = 2147483647;
			files = (
			);
			runOnlyForDeploymentPostprocessing = 0;
		};
/* End PBXResourcesBuildPhase section */

/* Begin PBXSourcesBuildPhase section */
		3EF762412629480200C9CE2C /* Sources */ = {
			isa = PBXSourcesBuildPhase;
			buildActionMask = 2147483647;
			files = (
				3EF7624D2629480200C9CE2C /* ViewController.swift in Sources */,
				3EF762492629480200C9CE2C /* AppDelegate.swift in Sources */,
				3EF7624B2629480200C9CE2C /* SceneDelegate.swift in Sources */,
			);
			runOnlyForDeploymentPostprocessing = 0;
		};
		3EF762D32629907A00C9CE2C /* Sources */ = {
			isa = PBXSourcesBuildPhase;
			buildActionMask = 2147483647;
			files = (
				3EF762DA2629907A00C9CE2C /* NotificationService.swift in Sources */,
			);
			runOnlyForDeploymentPostprocessing = 0;
		};
/* End PBXSourcesBuildPhase section */

/* Begin PBXTargetDependency section */
		3EF762DD2629907A00C9CE2C /* PBXTargetDependency */ = {
			isa = PBXTargetDependency;
			target = 3EF762D62629907A00C9CE2C /* NotificationService */;
			targetProxy = 3EF762DC2629907A00C9CE2C /* PBXContainerItemProxy */;
		};
/* End PBXTargetDependency section */

/* Begin PBXVariantGroup section */
		3EF7624E2629480200C9CE2C /* Main.storyboard */ = {
			isa = PBXVariantGroup;
			children = (
				3EF7624F2629480200C9CE2C /* Base */,
			);
			name = Main.storyboard;
			sourceTree = "<group>";
		};
		3EF762532629480400C9CE2C /* LaunchScreen.storyboard */ = {
			isa = PBXVariantGroup;
			children = (
				3EF762542629480400C9CE2C /* Base */,
			);
			name = LaunchScreen.storyboard;
			sourceTree = "<group>";
		};
/* End PBXVariantGroup section */

/* Begin XCBuildConfiguration section */
		3EF762572629480400C9CE2C /* Debug */ = {
			isa = XCBuildConfiguration;
			buildSettings = {
				ALWAYS_SEARCH_USER_PATHS = NO;
				CLANG_ANALYZER_NONNULL = YES;
				CLANG_ANALYZER_NUMBER_OBJECT_CONVERSION = YES_AGGRESSIVE;
				CLANG_CXX_LANGUAGE_STANDARD = "gnu++14";
				CLANG_CXX_LIBRARY = "libc++";
				CLANG_ENABLE_MODULES = YES;
				CLANG_ENABLE_OBJC_ARC = YES;
				CLANG_ENABLE_OBJC_WEAK = YES;
				CLANG_WARN_BLOCK_CAPTURE_AUTORELEASING = YES;
				CLANG_WARN_BOOL_CONVERSION = YES;
				CLANG_WARN_COMMA = YES;
				CLANG_WARN_CONSTANT_CONVERSION = YES;
				CLANG_WARN_DEPRECATED_OBJC_IMPLEMENTATIONS = YES;
				CLANG_WARN_DIRECT_OBJC_ISA_USAGE = YES_ERROR;
				CLANG_WARN_DOCUMENTATION_COMMENTS = YES;
				CLANG_WARN_EMPTY_BODY = YES;
				CLANG_WARN_ENUM_CONVERSION = YES;
				CLANG_WARN_INFINITE_RECURSION = YES;
				CLANG_WARN_INT_CONVERSION = YES;
				CLANG_WARN_NON_LITERAL_NULL_CONVERSION = YES;
				CLANG_WARN_OBJC_IMPLICIT_RETAIN_SELF = YES;
				CLANG_WARN_OBJC_LITERAL_CONVERSION = YES;
				CLANG_WARN_OBJC_ROOT_CLASS = YES_ERROR;
				CLANG_WARN_QUOTED_INCLUDE_IN_FRAMEWORK_HEADER = YES;
				CLANG_WARN_RANGE_LOOP_ANALYSIS = YES;
				CLANG_WARN_STRICT_PROTOTYPES = YES;
				CLANG_WARN_SUSPICIOUS_MOVE = YES;
				CLANG_WARN_UNGUARDED_AVAILABILITY = YES_AGGRESSIVE;
				CLANG_WARN_UNREACHABLE_CODE = YES;
				CLANG_WARN__DUPLICATE_METHOD_MATCH = YES;
				COPY_PHASE_STRIP = NO;
				DEBUG_INFORMATION_FORMAT = dwarf;
				ENABLE_STRICT_OBJC_MSGSEND = YES;
				ENABLE_TESTABILITY = YES;
				GCC_C_LANGUAGE_STANDARD = gnu11;
				GCC_DYNAMIC_NO_PIC = NO;
				GCC_NO_COMMON_BLOCKS = YES;
				GCC_OPTIMIZATION_LEVEL = 0;
				GCC_PREPROCESSOR_DEFINITIONS = (
					"DEBUG=1",
					"$(inherited)",
				);
				GCC_WARN_64_TO_32_BIT_CONVERSION = YES;
				GCC_WARN_ABOUT_RETURN_TYPE = YES_ERROR;
				GCC_WARN_UNDECLARED_SELECTOR = YES;
				GCC_WARN_UNINITIALIZED_AUTOS = YES_AGGRESSIVE;
				GCC_WARN_UNUSED_FUNCTION = YES;
				GCC_WARN_UNUSED_VARIABLE = YES;
				IPHONEOS_DEPLOYMENT_TARGET = 14.3;
				MTL_ENABLE_DEBUG_INFO = INCLUDE_SOURCE;
				MTL_FAST_MATH = YES;
				ONLY_ACTIVE_ARCH = YES;
				SDKROOT = iphoneos;
				SWIFT_ACTIVE_COMPILATION_CONDITIONS = DEBUG;
				SWIFT_OPTIMIZATION_LEVEL = "-Onone";
			};
			name = Debug;
		};
		3EF762582629480400C9CE2C /* Release */ = {
			isa = XCBuildConfiguration;
			buildSettings = {
				ALWAYS_SEARCH_USER_PATHS = NO;
				CLANG_ANALYZER_NONNULL = YES;
				CLANG_ANALYZER_NUMBER_OBJECT_CONVERSION = YES_AGGRESSIVE;
				CLANG_CXX_LANGUAGE_STANDARD = "gnu++14";
				CLANG_CXX_LIBRARY = "libc++";
				CLANG_ENABLE_MODULES = YES;
				CLANG_ENABLE_OBJC_ARC = YES;
				CLANG_ENABLE_OBJC_WEAK = YES;
				CLANG_WARN_BLOCK_CAPTURE_AUTORELEASING = YES;
				CLANG_WARN_BOOL_CONVERSION = YES;
				CLANG_WARN_COMMA = YES;
				CLANG_WARN_CONSTANT_CONVERSION = YES;
				CLANG_WARN_DEPRECATED_OBJC_IMPLEMENTATIONS = YES;
				CLANG_WARN_DIRECT_OBJC_ISA_USAGE = YES_ERROR;
				CLANG_WARN_DOCUMENTATION_COMMENTS = YES;
				CLANG_WARN_EMPTY_BODY = YES;
				CLANG_WARN_ENUM_CONVERSION = YES;
				CLANG_WARN_INFINITE_RECURSION = YES;
				CLANG_WARN_INT_CONVERSION = YES;
				CLANG_WARN_NON_LITERAL_NULL_CONVERSION = YES;
				CLANG_WARN_OBJC_IMPLICIT_RETAIN_SELF = YES;
				CLANG_WARN_OBJC_LITERAL_CONVERSION = YES;
				CLANG_WARN_OBJC_ROOT_CLASS = YES_ERROR;
				CLANG_WARN_QUOTED_INCLUDE_IN_FRAMEWORK_HEADER = YES;
				CLANG_WARN_RANGE_LOOP_ANALYSIS = YES;
				CLANG_WARN_STRICT_PROTOTYPES = YES;
				CLANG_WARN_SUSPICIOUS_MOVE = YES;
				CLANG_WARN_UNGUARDED_AVAILABILITY = YES_AGGRESSIVE;
				CLANG_WARN_UNREACHABLE_CODE = YES;
				CLANG_WARN__DUPLICATE_METHOD_MATCH = YES;
				COPY_PHASE_STRIP = NO;
				DEBUG_INFORMATION_FORMAT = "dwarf-with-dsym";
				ENABLE_NS_ASSERTIONS = NO;
				ENABLE_STRICT_OBJC_MSGSEND = YES;
				GCC_C_LANGUAGE_STANDARD = gnu11;
				GCC_NO_COMMON_BLOCKS = YES;
				GCC_WARN_64_TO_32_BIT_CONVERSION = YES;
				GCC_WARN_ABOUT_RETURN_TYPE = YES_ERROR;
				GCC_WARN_UNDECLARED_SELECTOR = YES;
				GCC_WARN_UNINITIALIZED_AUTOS = YES_AGGRESSIVE;
				GCC_WARN_UNUSED_FUNCTION = YES;
				GCC_WARN_UNUSED_VARIABLE = YES;
				IPHONEOS_DEPLOYMENT_TARGET = 14.3;
				MTL_ENABLE_DEBUG_INFO = NO;
				MTL_FAST_MATH = YES;
				SDKROOT = iphoneos;
				SWIFT_COMPILATION_MODE = wholemodule;
				SWIFT_OPTIMIZATION_LEVEL = "-O";
				VALIDATE_PRODUCT = YES;
			};
			name = Release;
		};
		3EF7625A2629480400C9CE2C /* Debug */ = {
			isa = XCBuildConfiguration;
			buildSettings = {
				ALWAYS_EMBED_SWIFT_STANDARD_LIBRARIES = YES;
				ASSETCATALOG_COMPILER_APPICON_NAME = AppIcon;
				ASSETCATALOG_COMPILER_GLOBAL_ACCENT_COLOR_NAME = AccentColor;
				CODE_SIGN_STYLE = Automatic;
				INFOPLIST_FILE = fcm/Info.plist;
				LD_RUNPATH_SEARCH_PATHS = (
					"$(inherited)",
					"@executable_path/Frameworks",
				);
				PRODUCT_BUNDLE_IDENTIFIER = kr.co.insungbank.isbank;
				PRODUCT_NAME = "$(TARGET_NAME)";
				SWIFT_VERSION = 5.0;
				TARGETED_DEVICE_FAMILY = "1,2";
			};
			name = Debug;
		};
		3EF7625B2629480400C9CE2C /* Release */ = {
			isa = XCBuildConfiguration;
			buildSettings = {
				ALWAYS_EMBED_SWIFT_STANDARD_LIBRARIES = YES;
				ASSETCATALOG_COMPILER_APPICON_NAME = AppIcon;
				ASSETCATALOG_COMPILER_GLOBAL_ACCENT_COLOR_NAME = AccentColor;
				CODE_SIGN_STYLE = Automatic;
				INFOPLIST_FILE = fcm/Info.plist;
				LD_RUNPATH_SEARCH_PATHS = (
					"$(inherited)",
					"@executable_path/Frameworks",
				);
				PRODUCT_BUNDLE_IDENTIFIER = kr.co.insungbank.isbank;
				PRODUCT_NAME = "$(TARGET_NAME)";
				SWIFT_VERSION = 5.0;
				TARGETED_DEVICE_FAMILY = "1,2";
			};
			name = Release;
		};
		3EF762E02629907A00C9CE2C /* Debug */ = {
			isa = XCBuildConfiguration;
			buildSettings = {
				CODE_SIGN_STYLE = Automatic;
				INFOPLIST_FILE = NotificationService/Info.plist;
				LD_RUNPATH_SEARCH_PATHS = (
					"$(inherited)",
					"@executable_path/Frameworks",
					"@executable_path/../../Frameworks",
				);
				PRODUCT_BUNDLE_IDENTIFIER = kr.co.insungbank.isbank.NotificationService;
				PRODUCT_NAME = "$(TARGET_NAME)";
				SKIP_INSTALL = YES;
				SWIFT_VERSION = 5.0;
				TARGETED_DEVICE_FAMILY = "1,2";
			};
			name = Debug;
		};
		3EF762E12629907A00C9CE2C /* Release */ = {
			isa = XCBuildConfiguration;
			buildSettings = {
				CODE_SIGN_STYLE = Automatic;
				INFOPLIST_FILE = NotificationService/Info.plist;
				LD_RUNPATH_SEARCH_PATHS = (
					"$(inherited)",
					"@executable_path/Frameworks",
					"@executable_path/../../Frameworks",
				);
				PRODUCT_BUNDLE_IDENTIFIER = kr.co.insungbank.isbank.NotificationService;
				PRODUCT_NAME = "$(TARGET_NAME)";
				SKIP_INSTALL = YES;
				SWIFT_VERSION = 5.0;
				TARGETED_DEVICE_FAMILY = "1,2";
			};
			name = Release;
		};
/* End XCBuildConfiguration section */

/* Begin XCConfigurationList section */
		3EF762402629480200C9CE2C /* Build configuration list for PBXProject "fcm" */ = {
			isa = XCConfigurationList;
			buildConfigurations = (
				3EF762572629480400C9CE2C /* Debug */,
				3EF762582629480400C9CE2C /* Release */,
			);
			defaultConfigurationIsVisible = 0;
			defaultConfigurationName = Release;
		};
		3EF762592629480400C9CE2C /* Build configuration list for PBXNativeTarget "fcm" */ = {
			isa = XCConfigurationList;
			buildConfigurations = (
				3EF7625A2629480400C9CE2C /* Debug */,
				3EF7625B2629480400C9CE2C /* Release */,
			);
			defaultConfigurationIsVisible = 0;
			defaultConfigurationName = Release;
		};
		3EF762DF2629907A00C9CE2C /* Build configuration list for PBXNativeTarget "NotificationService" */ = {
			isa = XCConfigurationList;
			buildConfigurations = (
				3EF762E02629907A00C9CE2C /* Debug */,
				3EF762E12629907A00C9CE2C /* Release */,
			);
			defaultConfigurationIsVisible = 0;
			defaultConfigurationName = Release;
		};
/* End XCConfigurationList section */

/* Begin XCRemoteSwiftPackageReference section */
		3EF7626026297D0A00C9CE2C /* XCRemoteSwiftPackageReference "firebase-ios-sdk" */ = {
			isa = XCRemoteSwiftPackageReference;
			repositoryURL = "https://github.com/firebase/firebase-ios-sdk.git";
			requirement = {
				kind = upToNextMajorVersion;
				minimumVersion = 7.10.0;
			};
		};
/* End XCRemoteSwiftPackageReference section */

/* Begin XCSwiftPackageProductDependency section */
		3EF7626126297D0A00C9CE2C /* FirebaseAnalytics */ = {
			isa = XCSwiftPackageProductDependency;
			package = 3EF7626026297D0A00C9CE2C /* XCRemoteSwiftPackageReference "firebase-ios-sdk" */;
			productName = FirebaseAnalytics;
		};
		3EF7626326297D0A00C9CE2C /* FirebaseMessaging */ = {
			isa = XCSwiftPackageProductDependency;
			package = 3EF7626026297D0A00C9CE2C /* XCRemoteSwiftPackageReference "firebase-ios-sdk" */;
			productName = FirebaseMessaging;
		};
		3EF7626526297D0A00C9CE2C /* FirebaseRemoteConfig */ = {
			isa = XCSwiftPackageProductDependency;
			package = 3EF7626026297D0A00C9CE2C /* XCRemoteSwiftPackageReference "firebase-ios-sdk" */;
			productName = FirebaseRemoteConfig;
		};
/* End XCSwiftPackageProductDependency section */
	};
	rootObject = 3EF7623D2629480200C9CE2C /* Project object */;
}
