// !$*UTF8*$!
{
	archiveVersion = 1;
	classes = {
	};
	objectVersion = 52;
	objects = {

/* Begin PBXBuildFile section */
		3EA9A76E26412D6D00E840A5 /* AppDelegate.swift in Sources */ = {isa = PBXBuildFile; fileRef = 3EA9A76D26412D6D00E840A5 /* AppDelegate.swift */; };
		3EA9A77026412D6D00E840A5 /* SceneDelegate.swift in Sources */ = {isa = PBXBuildFile; fileRef = 3EA9A76F26412D6D00E840A5 /* SceneDelegate.swift */; };
		3EA9A77226412D6D00E840A5 /* SearchCityViewController.swift in Sources */ = {isa = PBXBuildFile; fileRef = 3EA9A77126412D6D00E840A5 /* SearchCityViewController.swift */; };
		3EA9A77526412D6D00E840A5 /* Main.storyboard in Resources */ = {isa = PBXBuildFile; fileRef = 3EA9A77326412D6D00E840A5 /* Main.storyboard */; };
		3EA9A77726412D6F00E840A5 /* Assets.xcassets in Resources */ = {isa = PBXBuildFile; fileRef = 3EA9A77626412D6F00E840A5 /* Assets.xcassets */; };
		3EA9A77A26412D6F00E840A5 /* LaunchScreen.storyboard in Resources */ = {isa = PBXBuildFile; fileRef = 3EA9A77826412D6F00E840A5 /* LaunchScreen.storyboard */; };
		3EA9A79426412F7000E840A5 /* RxSwift in Frameworks */ = {isa = PBXBuildFile; productRef = 3EA9A79326412F7000E840A5 /* RxSwift */; };
		3EA9A79626412F7000E840A5 /* RxRelay in Frameworks */ = {isa = PBXBuildFile; productRef = 3EA9A79526412F7000E840A5 /* RxRelay */; };
		3EA9A79826412F7000E840A5 /* RxCocoa in Frameworks */ = {isa = PBXBuildFile; productRef = 3EA9A79726412F7000E840A5 /* RxCocoa */; };
		3EA9A79A26412F7000E840A5 /* RxBlocking in Frameworks */ = {isa = PBXBuildFile; productRef = 3EA9A79926412F7000E840A5 /* RxBlocking */; };
		3EA9A7A12641427B00E840A5 /* SearchCityViewModel.swift in Sources */ = {isa = PBXBuildFile; fileRef = 3EA9A7A02641427B00E840A5 /* SearchCityViewModel.swift */; };
		3EA9A7A6264145CE00E840A5 /* SearchCityCoordinator.swift in Sources */ = {isa = PBXBuildFile; fileRef = 3EA9A7A5264145CE00E840A5 /* SearchCityCoordinator.swift */; };
		3EA9A7A9264145FD00E840A5 /* Coordinator.swift in Sources */ = {isa = PBXBuildFile; fileRef = 3EA9A7A8264145FD00E840A5 /* Coordinator.swift */; };
/* End PBXBuildFile section */

/* Begin PBXFileReference section */
		3EA9A76A26412D6D00E840A5 /* CityAirportSearch.app */ = {isa = PBXFileReference; explicitFileType = wrapper.application; includeInIndex = 0; path = CityAirportSearch.app; sourceTree = BUILT_PRODUCTS_DIR; };
		3EA9A76D26412D6D00E840A5 /* AppDelegate.swift */ = {isa = PBXFileReference; lastKnownFileType = sourcecode.swift; path = AppDelegate.swift; sourceTree = "<group>"; };
		3EA9A76F26412D6D00E840A5 /* SceneDelegate.swift */ = {isa = PBXFileReference; lastKnownFileType = sourcecode.swift; path = SceneDelegate.swift; sourceTree = "<group>"; };
		3EA9A77126412D6D00E840A5 /* SearchCityViewController.swift */ = {isa = PBXFileReference; lastKnownFileType = sourcecode.swift; path = SearchCityViewController.swift; sourceTree = "<group>"; };
		3EA9A77426412D6D00E840A5 /* Base */ = {isa = PBXFileReference; lastKnownFileType = file.storyboard; name = Base; path = Base.lproj/Main.storyboard; sourceTree = "<group>"; };
		3EA9A77626412D6F00E840A5 /* Assets.xcassets */ = {isa = PBXFileReference; lastKnownFileType = folder.assetcatalog; path = Assets.xcassets; sourceTree = "<group>"; };
		3EA9A77926412D6F00E840A5 /* Base */ = {isa = PBXFileReference; lastKnownFileType = file.storyboard; name = Base; path = Base.lproj/LaunchScreen.storyboard; sourceTree = "<group>"; };
		3EA9A77B26412D6F00E840A5 /* Info.plist */ = {isa = PBXFileReference; lastKnownFileType = text.plist.xml; path = Info.plist; sourceTree = "<group>"; };
		3EA9A7A02641427B00E840A5 /* SearchCityViewModel.swift */ = {isa = PBXFileReference; lastKnownFileType = sourcecode.swift; path = SearchCityViewModel.swift; sourceTree = "<group>"; };
		3EA9A7A5264145CE00E840A5 /* SearchCityCoordinator.swift */ = {isa = PBXFileReference; lastKnownFileType = sourcecode.swift; path = SearchCityCoordinator.swift; sourceTree = "<group>"; };
		3EA9A7A8264145FD00E840A5 /* Coordinator.swift */ = {isa = PBXFileReference; lastKnownFileType = sourcecode.swift; path = Coordinator.swift; sourceTree = "<group>"; };
/* End PBXFileReference section */

/* Begin PBXFrameworksBuildPhase section */
		3EA9A76726412D6D00E840A5 /* Frameworks */ = {
			isa = PBXFrameworksBuildPhase;
			buildActionMask = 2147483647;
			files = (
				3EA9A79826412F7000E840A5 /* RxCocoa in Frameworks */,
				3EA9A79A26412F7000E840A5 /* RxBlocking in Frameworks */,
				3EA9A79626412F7000E840A5 /* RxRelay in Frameworks */,
				3EA9A79426412F7000E840A5 /* RxSwift in Frameworks */,
			);
			runOnlyForDeploymentPostprocessing = 0;
		};
/* End PBXFrameworksBuildPhase section */

/* Begin PBXGroup section */
		3EA9A76126412D6D00E840A5 = {
			isa = PBXGroup;
			children = (
				3EA9A76C26412D6D00E840A5 /* CityAirportSearch */,
				3EA9A76B26412D6D00E840A5 /* Products */,
			);
			sourceTree = "<group>";
		};
		3EA9A76B26412D6D00E840A5 /* Products */ = {
			isa = PBXGroup;
			children = (
				3EA9A76A26412D6D00E840A5 /* CityAirportSearch.app */,
			);
			name = Products;
			sourceTree = "<group>";
		};
		3EA9A76C26412D6D00E840A5 /* CityAirportSearch */ = {
			isa = PBXGroup;
			children = (
				3EA9A7A4264145B300E840A5 /* Coordinator */,
				3EA9A79E2641422200E840A5 /* ViewModel */,
				3EA9A79D2641421900E840A5 /* View */,
				3EA9A76D26412D6D00E840A5 /* AppDelegate.swift */,
				3EA9A76F26412D6D00E840A5 /* SceneDelegate.swift */,
				3EA9A77326412D6D00E840A5 /* Main.storyboard */,
				3EA9A77626412D6F00E840A5 /* Assets.xcassets */,
				3EA9A77826412D6F00E840A5 /* LaunchScreen.storyboard */,
				3EA9A77B26412D6F00E840A5 /* Info.plist */,
			);
			path = CityAirportSearch;
			sourceTree = "<group>";
		};
		3EA9A79D2641421900E840A5 /* View */ = {
			isa = PBXGroup;
			children = (
				3EA9A77126412D6D00E840A5 /* SearchCityViewController.swift */,
			);
			path = View;
			sourceTree = "<group>";
		};
		3EA9A79E2641422200E840A5 /* ViewModel */ = {
			isa = PBXGroup;
			children = (
				3EA9A7A02641427B00E840A5 /* SearchCityViewModel.swift */,
			);
			path = ViewModel;
			sourceTree = "<group>";
		};
		3EA9A7A4264145B300E840A5 /* Coordinator */ = {
			isa = PBXGroup;
			children = (
				3EA9A7A5264145CE00E840A5 /* SearchCityCoordinator.swift */,
				3EA9A7A8264145FD00E840A5 /* Coordinator.swift */,
			);
			path = Coordinator;
			sourceTree = "<group>";
		};
/* End PBXGroup section */

/* Begin PBXNativeTarget section */
		3EA9A76926412D6D00E840A5 /* CityAirportSearch */ = {
			isa = PBXNativeTarget;
			buildConfigurationList = 3EA9A77E26412D6F00E840A5 /* Build configuration list for PBXNativeTarget "CityAirportSearch" */;
			buildPhases = (
				3EA9A76626412D6D00E840A5 /* Sources */,
				3EA9A76726412D6D00E840A5 /* Frameworks */,
				3EA9A76826412D6D00E840A5 /* Resources */,
			);
			buildRules = (
			);
			dependencies = (
			);
			name = CityAirportSearch;
			packageProductDependencies = (
				3EA9A79326412F7000E840A5 /* RxSwift */,
				3EA9A79526412F7000E840A5 /* RxRelay */,
				3EA9A79726412F7000E840A5 /* RxCocoa */,
				3EA9A79926412F7000E840A5 /* RxBlocking */,
			);
			productName = CityAirportSearch;
			productReference = 3EA9A76A26412D6D00E840A5 /* CityAirportSearch.app */;
			productType = "com.apple.product-type.application";
		};
/* End PBXNativeTarget section */

/* Begin PBXProject section */
		3EA9A76226412D6D00E840A5 /* Project object */ = {
			isa = PBXProject;
			attributes = {
				LastSwiftUpdateCheck = 1240;
				LastUpgradeCheck = 1240;
				TargetAttributes = {
					3EA9A76926412D6D00E840A5 = {
						CreatedOnToolsVersion = 12.4;
					};
				};
			};
			buildConfigurationList = 3EA9A76526412D6D00E840A5 /* Build configuration list for PBXProject "CityAirportSearch" */;
			compatibilityVersion = "Xcode 9.3";
			developmentRegion = en;
			hasScannedForEncodings = 0;
			knownRegions = (
				en,
				Base,
			);
			mainGroup = 3EA9A76126412D6D00E840A5;
			packageReferences = (
				3EA9A79226412F7000E840A5 /* XCRemoteSwiftPackageReference "RxSwift" */,
			);
			productRefGroup = 3EA9A76B26412D6D00E840A5 /* Products */;
			projectDirPath = "";
			projectRoot = "";
			targets = (
				3EA9A76926412D6D00E840A5 /* CityAirportSearch */,
			);
		};
/* End PBXProject section */

/* Begin PBXResourcesBuildPhase section */
		3EA9A76826412D6D00E840A5 /* Resources */ = {
			isa = PBXResourcesBuildPhase;
			buildActionMask = 2147483647;
			files = (
				3EA9A77A26412D6F00E840A5 /* LaunchScreen.storyboard in Resources */,
				3EA9A77726412D6F00E840A5 /* Assets.xcassets in Resources */,
				3EA9A77526412D6D00E840A5 /* Main.storyboard in Resources */,
			);
			runOnlyForDeploymentPostprocessing = 0;
		};
/* End PBXResourcesBuildPhase section */

/* Begin PBXSourcesBuildPhase section */
		3EA9A76626412D6D00E840A5 /* Sources */ = {
			isa = PBXSourcesBuildPhase;
			buildActionMask = 2147483647;
			files = (
				3EA9A77226412D6D00E840A5 /* SearchCityViewController.swift in Sources */,
				3EA9A76E26412D6D00E840A5 /* AppDelegate.swift in Sources */,
				3EA9A7A9264145FD00E840A5 /* Coordinator.swift in Sources */,
				3EA9A7A6264145CE00E840A5 /* SearchCityCoordinator.swift in Sources */,
				3EA9A77026412D6D00E840A5 /* SceneDelegate.swift in Sources */,
				3EA9A7A12641427B00E840A5 /* SearchCityViewModel.swift in Sources */,
			);
			runOnlyForDeploymentPostprocessing = 0;
		};
/* End PBXSourcesBuildPhase section */

/* Begin PBXVariantGroup section */
		3EA9A77326412D6D00E840A5 /* Main.storyboard */ = {
			isa = PBXVariantGroup;
			children = (
				3EA9A77426412D6D00E840A5 /* Base */,
			);
			name = Main.storyboard;
			sourceTree = "<group>";
		};
		3EA9A77826412D6F00E840A5 /* LaunchScreen.storyboard */ = {
			isa = PBXVariantGroup;
			children = (
				3EA9A77926412D6F00E840A5 /* Base */,
			);
			name = LaunchScreen.storyboard;
			sourceTree = "<group>";
		};
/* End PBXVariantGroup section */

/* Begin XCBuildConfiguration section */
		3EA9A77C26412D6F00E840A5 /* Debug */ = {
			isa = XCBuildConfiguration;
			buildSettings = {
				ALWAYS_SEARCH_USER_PATHS = NO;
				CLANG_ANALYZER_NONNULL = YES;
				CLANG_ANALYZER_NUMBER_OBJECT_CONVERSION = YES_AGGRESSIVE;
				CLANG_CXX_LANGUAGE_STANDARD = "gnu++14";
				CLANG_CXX_LIBRARY = "libc++";
				CLANG_ENABLE_MODULES = YES;
				CLANG_ENABLE_OBJC_ARC = YES;
				CLANG_ENABLE_OBJC_WEAK = YES;
				CLANG_WARN_BLOCK_CAPTURE_AUTORELEASING = YES;
				CLANG_WARN_BOOL_CONVERSION = YES;
				CLANG_WARN_COMMA = YES;
				CLANG_WARN_CONSTANT_CONVERSION = YES;
				CLANG_WARN_DEPRECATED_OBJC_IMPLEMENTATIONS = YES;
				CLANG_WARN_DIRECT_OBJC_ISA_USAGE = YES_ERROR;
				CLANG_WARN_DOCUMENTATION_COMMENTS = YES;
				CLANG_WARN_EMPTY_BODY = YES;
				CLANG_WARN_ENUM_CONVERSION = YES;
				CLANG_WARN_INFINITE_RECURSION = YES;
				CLANG_WARN_INT_CONVERSION = YES;
				CLANG_WARN_NON_LITERAL_NULL_CONVERSION = YES;
				CLANG_WARN_OBJC_IMPLICIT_RETAIN_SELF = YES;
				CLANG_WARN_OBJC_LITERAL_CONVERSION = YES;
				CLANG_WARN_OBJC_ROOT_CLASS = YES_ERROR;
				CLANG_WARN_QUOTED_INCLUDE_IN_FRAMEWORK_HEADER = YES;
				CLANG_WARN_RANGE_LOOP_ANALYSIS = YES;
				CLANG_WARN_STRICT_PROTOTYPES = YES;
				CLANG_WARN_SUSPICIOUS_MOVE = YES;
				CLANG_WARN_UNGUARDED_AVAILABILITY = YES_AGGRESSIVE;
				CLANG_WARN_UNREACHABLE_CODE = YES;
				CLANG_WARN__DUPLICATE_METHOD_MATCH = YES;
				COPY_PHASE_STRIP = NO;
				DEBUG_INFORMATION_FORMAT = dwarf;
				ENABLE_STRICT_OBJC_MSGSEND = YES;
				ENABLE_TESTABILITY = YES;
				GCC_C_LANGUAGE_STANDARD = gnu11;
				GCC_DYNAMIC_NO_PIC = NO;
				GCC_NO_COMMON_BLOCKS = YES;
				GCC_OPTIMIZATION_LEVEL = 0;
				GCC_PREPROCESSOR_DEFINITIONS = (
					"DEBUG=1",
					"$(inherited)",
				);
				GCC_WARN_64_TO_32_BIT_CONVERSION = YES;
				GCC_WARN_ABOUT_RETURN_TYPE = YES_ERROR;
				GCC_WARN_UNDECLARED_SELECTOR = YES;
				GCC_WARN_UNINITIALIZED_AUTOS = YES_AGGRESSIVE;
				GCC_WARN_UNUSED_FUNCTION = YES;
				GCC_WARN_UNUSED_VARIABLE = YES;
				IPHONEOS_DEPLOYMENT_TARGET = 14.4;
				MTL_ENABLE_DEBUG_INFO = INCLUDE_SOURCE;
				MTL_FAST_MATH = YES;
				ONLY_ACTIVE_ARCH = YES;
				SDKROOT = iphoneos;
				SWIFT_ACTIVE_COMPILATION_CONDITIONS = DEBUG;
				SWIFT_OPTIMIZATION_LEVEL = "-Onone";
			};
			name = Debug;
		};
		3EA9A77D26412D6F00E840A5 /* Release */ = {
			isa = XCBuildConfiguration;
			buildSettings = {
				ALWAYS_SEARCH_USER_PATHS = NO;
				CLANG_ANALYZER_NONNULL = YES;
				CLANG_ANALYZER_NUMBER_OBJECT_CONVERSION = YES_AGGRESSIVE;
				CLANG_CXX_LANGUAGE_STANDARD = "gnu++14";
				CLANG_CXX_LIBRARY = "libc++";
				CLANG_ENABLE_MODULES = YES;
				CLANG_ENABLE_OBJC_ARC = YES;
				CLANG_ENABLE_OBJC_WEAK = YES;
				CLANG_WARN_BLOCK_CAPTURE_AUTORELEASING = YES;
				CLANG_WARN_BOOL_CONVERSION = YES;
				CLANG_WARN_COMMA = YES;
				CLANG_WARN_CONSTANT_CONVERSION = YES;
				CLANG_WARN_DEPRECATED_OBJC_IMPLEMENTATIONS = YES;
				CLANG_WARN_DIRECT_OBJC_ISA_USAGE = YES_ERROR;
				CLANG_WARN_DOCUMENTATION_COMMENTS = YES;
				CLANG_WARN_EMPTY_BODY = YES;
				CLANG_WARN_ENUM_CONVERSION = YES;
				CLANG_WARN_INFINITE_RECURSION = YES;
				CLANG_WARN_INT_CONVERSION = YES;
				CLANG_WARN_NON_LITERAL_NULL_CONVERSION = YES;
				CLANG_WARN_OBJC_IMPLICIT_RETAIN_SELF = YES;
				CLANG_WARN_OBJC_LITERAL_CONVERSION = YES;
				CLANG_WARN_OBJC_ROOT_CLASS = YES_ERROR;
				CLANG_WARN_QUOTED_INCLUDE_IN_FRAMEWORK_HEADER = YES;
				CLANG_WARN_RANGE_LOOP_ANALYSIS = YES;
				CLANG_WARN_STRICT_PROTOTYPES = YES;
				CLANG_WARN_SUSPICIOUS_MOVE = YES;
				CLANG_WARN_UNGUARDED_AVAILABILITY = YES_AGGRESSIVE;
				CLANG_WARN_UNREACHABLE_CODE = YES;
				CLANG_WARN__DUPLICATE_METHOD_MATCH = YES;
				COPY_PHASE_STRIP = NO;
				DEBUG_INFORMATION_FORMAT = "dwarf-with-dsym";
				ENABLE_NS_ASSERTIONS = NO;
				ENABLE_STRICT_OBJC_MSGSEND = YES;
				GCC_C_LANGUAGE_STANDARD = gnu11;
				GCC_NO_COMMON_BLOCKS = YES;
				GCC_WARN_64_TO_32_BIT_CONVERSION = YES;
				GCC_WARN_ABOUT_RETURN_TYPE = YES_ERROR;
				GCC_WARN_UNDECLARED_SELECTOR = YES;
				GCC_WARN_UNINITIALIZED_AUTOS = YES_AGGRESSIVE;
				GCC_WARN_UNUSED_FUNCTION = YES;
				GCC_WARN_UNUSED_VARIABLE = YES;
				IPHONEOS_DEPLOYMENT_TARGET = 14.4;
				MTL_ENABLE_DEBUG_INFO = NO;
				MTL_FAST_MATH = YES;
				SDKROOT = iphoneos;
				SWIFT_COMPILATION_MODE = wholemodule;
				SWIFT_OPTIMIZATION_LEVEL = "-O";
				VALIDATE_PRODUCT = YES;
			};
			name = Release;
		};
		3EA9A77F26412D6F00E840A5 /* Debug */ = {
			isa = XCBuildConfiguration;
			buildSettings = {
				ASSETCATALOG_COMPILER_APPICON_NAME = AppIcon;
				ASSETCATALOG_COMPILER_GLOBAL_ACCENT_COLOR_NAME = AccentColor;
				CODE_SIGN_STYLE = Automatic;
				INFOPLIST_FILE = CityAirportSearch/Info.plist;
				LD_RUNPATH_SEARCH_PATHS = (
					"$(inherited)",
					"@executable_path/Frameworks",
				);
				PRODUCT_BUNDLE_IDENTIFIER = kr.co.bonjin.CityAirportSearch;
				PRODUCT_NAME = "$(TARGET_NAME)";
				SWIFT_VERSION = 5.0;
				TARGETED_DEVICE_FAMILY = 1;
			};
			name = Debug;
		};
		3EA9A78026412D6F00E840A5 /* Release */ = {
			isa = XCBuildConfiguration;
			buildSettings = {
				ASSETCATALOG_COMPILER_APPICON_NAME = AppIcon;
				ASSETCATALOG_COMPILER_GLOBAL_ACCENT_COLOR_NAME = AccentColor;
				CODE_SIGN_STYLE = Automatic;
				INFOPLIST_FILE = CityAirportSearch/Info.plist;
				LD_RUNPATH_SEARCH_PATHS = (
					"$(inherited)",
					"@executable_path/Frameworks",
				);
				PRODUCT_BUNDLE_IDENTIFIER = kr.co.bonjin.CityAirportSearch;
				PRODUCT_NAME = "$(TARGET_NAME)";
				SWIFT_VERSION = 5.0;
				TARGETED_DEVICE_FAMILY = 1;
			};
			name = Release;
		};
/* End XCBuildConfiguration section */

/* Begin XCConfigurationList section */
		3EA9A76526412D6D00E840A5 /* Build configuration list for PBXProject "CityAirportSearch" */ = {
			isa = XCConfigurationList;
			buildConfigurations = (
				3EA9A77C26412D6F00E840A5 /* Debug */,
				3EA9A77D26412D6F00E840A5 /* Release */,
			);
			defaultConfigurationIsVisible = 0;
			defaultConfigurationName = Release;
		};
		3EA9A77E26412D6F00E840A5 /* Build configuration list for PBXNativeTarget "CityAirportSearch" */ = {
			isa = XCConfigurationList;
			buildConfigurations = (
				3EA9A77F26412D6F00E840A5 /* Debug */,
				3EA9A78026412D6F00E840A5 /* Release */,
			);
			defaultConfigurationIsVisible = 0;
			defaultConfigurationName = Release;
		};
/* End XCConfigurationList section */

/* Begin XCRemoteSwiftPackageReference section */
		3EA9A79226412F7000E840A5 /* XCRemoteSwiftPackageReference "RxSwift" */ = {
			isa = XCRemoteSwiftPackageReference;
			repositoryURL = "https://github.com/ReactiveX/RxSwift.git";
			requirement = {
				kind = upToNextMajorVersion;
				minimumVersion = 6.1.0;
			};
		};
/* End XCRemoteSwiftPackageReference section */

/* Begin XCSwiftPackageProductDependency section */
		3EA9A79326412F7000E840A5 /* RxSwift */ = {
			isa = XCSwiftPackageProductDependency;
			package = 3EA9A79226412F7000E840A5 /* XCRemoteSwiftPackageReference "RxSwift" */;
			productName = RxSwift;
		};
		3EA9A79526412F7000E840A5 /* RxRelay */ = {
			isa = XCSwiftPackageProductDependency;
			package = 3EA9A79226412F7000E840A5 /* XCRemoteSwiftPackageReference "RxSwift" */;
			productName = RxRelay;
		};
		3EA9A79726412F7000E840A5 /* RxCocoa */ = {
			isa = XCSwiftPackageProductDependency;
			package = 3EA9A79226412F7000E840A5 /* XCRemoteSwiftPackageReference "RxSwift" */;
			productName = RxCocoa;
		};
		3EA9A79926412F7000E840A5 /* RxBlocking */ = {
			isa = XCSwiftPackageProductDependency;
			package = 3EA9A79226412F7000E840A5 /* XCRemoteSwiftPackageReference "RxSwift" */;
			productName = RxBlocking;
		};
/* End XCSwiftPackageProductDependency section */
	};
	rootObject = 3EA9A76226412D6D00E840A5 /* Project object */;
}
